
Microsoft Visual Studio Solution File, Format Version 12.00
Project("{FAE04EC0-301F-11D3-BF4B-00C04F79EFBC}") = "ReversePolishNotationCalculator", "ReversePolishNotationCalculator\ReversePolishNotationCalculator.csproj", "{96866138-B506-4593-8A2C-260CB2E792B5}"
EndProject
Project("{FAE04EC0-301F-11D3-BF4B-00C04F79EFBC}") = "ReversePolishNotationCalculator.Test", "ReversePolishNotationCalculator.Test\ReversePolishNotationCalculator.Test.csproj", "{043AC50F-384F-46E3-BA39-A11B66450383}"
EndProject
Global
	GlobalSection(SolutionConfigurationPlatforms) = preSolution
		Debug|Any CPU = Debug|Any CPU
		Release|Any CPU = Release|Any CPU
	EndGlobalSection
	GlobalSection(ProjectConfigurationPlatforms) = postSolution
		{96866138-B506-4593-8A2C-260CB2E792B5}.Debug|Any CPU.ActiveCfg = Debug|Any CPU
		{96866138-B506-4593-8A2C-260CB2E792B5}.Debug|Any CPU.Build.0 = Debug|Any CPU
		{96866138-B506-4593-8A2C-260CB2E792B5}.Release|Any CPU.ActiveCfg = Release|Any CPU
		{96866138-B506-4593-8A2C-260CB2E792B5}.Release|Any CPU.Build.0 = Release|Any CPU
		{043AC50F-384F-46E3-BA39-A11B66450383}.Debug|Any CPU.ActiveCfg = Debug|Any CPU
		{043AC50F-384F-46E3-BA39-A11B66450383}.Debug|Any CPU.Build.0 = Debug|Any CPU
		{043AC50F-384F-46E3-BA39-A11B66450383}.Release|Any CPU.ActiveCfg = Release|Any CPU
		{043AC50F-384F-46E3-BA39-A11B66450383}.Release|Any CPU.Build.0 = Release|Any CPU
	EndGlobalSection
EndGlobal
